// !$*UTF8*$!
{
	archiveVersion = 1;
	classes = {
	};
	objectVersion = 46;
	objects = {

/* Begin PBXBuildFile section */
		487DC5F5BBAA4192A8EB6DB7 /* libPods-NativeBridgeBenchmark.a in Frameworks */ = {isa = PBXBuildFile; fileRef = FFEAD3DAC6964C739C50B50E /* libPods-NativeBridgeBenchmark.a */; };
		ED038BDE193A3D8500FB88B2 /* UIWebView+TS_JavaScriptContext.m in Sources */ = {isa = PBXBuildFile; fileRef = ED038BDD193A3D8500FB88B2 /* UIWebView+TS_JavaScriptContext.m */; };
		ED07A5B91932023600792C4C /* NSDictionary+Merge.m in Sources */ = {isa = PBXBuildFile; fileRef = ED07A5B81932023600792C4C /* NSDictionary+Merge.m */; };
		ED0E98A8192772D200669AB6 /* Foundation.framework in Frameworks */ = {isa = PBXBuildFile; fileRef = ED0E98A7192772D200669AB6 /* Foundation.framework */; };
		ED0E98AA192772D200669AB6 /* CoreGraphics.framework in Frameworks */ = {isa = PBXBuildFile; fileRef = ED0E98A9192772D200669AB6 /* CoreGraphics.framework */; };
		ED0E98AC192772D200669AB6 /* UIKit.framework in Frameworks */ = {isa = PBXBuildFile; fileRef = ED0E98AB192772D200669AB6 /* UIKit.framework */; };
		ED0E98B2192772D200669AB6 /* InfoPlist.strings in Resources */ = {isa = PBXBuildFile; fileRef = ED0E98B0192772D200669AB6 /* InfoPlist.strings */; };
		ED0E98B4192772D200669AB6 /* main.m in Sources */ = {isa = PBXBuildFile; fileRef = ED0E98B3192772D200669AB6 /* main.m */; };
		ED0E98B8192772D200669AB6 /* AppDelegate.m in Sources */ = {isa = PBXBuildFile; fileRef = ED0E98B7192772D200669AB6 /* AppDelegate.m */; };
		ED0E98BA192772D200669AB6 /* Images.xcassets in Resources */ = {isa = PBXBuildFile; fileRef = ED0E98B9192772D200669AB6 /* Images.xcassets */; };
		ED0E98C1192772D200669AB6 /* XCTest.framework in Frameworks */ = {isa = PBXBuildFile; fileRef = ED0E98C0192772D200669AB6 /* XCTest.framework */; };
		ED0E98C2192772D200669AB6 /* Foundation.framework in Frameworks */ = {isa = PBXBuildFile; fileRef = ED0E98A7192772D200669AB6 /* Foundation.framework */; };
		ED0E98C3192772D200669AB6 /* UIKit.framework in Frameworks */ = {isa = PBXBuildFile; fileRef = ED0E98AB192772D200669AB6 /* UIKit.framework */; };
		ED0E98CB192772D200669AB6 /* InfoPlist.strings in Resources */ = {isa = PBXBuildFile; fileRef = ED0E98C9192772D200669AB6 /* InfoPlist.strings */; };
		ED0E98CD192772D200669AB6 /* NativeBridgeBenchmarkTests.m in Sources */ = {isa = PBXBuildFile; fileRef = ED0E98CC192772D200669AB6 /* NativeBridgeBenchmarkTests.m */; };
		ED249E21193A47CC0021B269 /* MyHTTPConnection.m in Sources */ = {isa = PBXBuildFile; fileRef = ED249E20193A47CC0021B269 /* MyHTTPConnection.m */; };
		ED249E24193A48120021B269 /* MyWebsocket.m in Sources */ = {isa = PBXBuildFile; fileRef = ED249E23193A48120021B269 /* MyWebsocket.m */; };
		ED249E2B193A4D2B0021B269 /* Web in Resources */ = {isa = PBXBuildFile; fileRef = ED249E2A193A4D2B0021B269 /* Web */; };
		ED86854B1942084900B4479B /* WebKit.framework in Frameworks */ = {isa = PBXBuildFile; fileRef = EDCC5DB61941DF970086A658 /* WebKit.framework */; };
		ED9241AC192A6B0E004164FE /* BenchmarkViewController.m in Sources */ = {isa = PBXBuildFile; fileRef = ED9241AB192A6B0E004164FE /* BenchmarkViewController.m */; };
		ED9241AE192A7458004164FE /* index.html in Resources */ = {isa = PBXBuildFile; fileRef = ED9241AD192A7458004164FE /* index.html */; };
		EDB93A77193C85AE00371959 /* MemUsage.m in Sources */ = {isa = PBXBuildFile; fileRef = EDB93A76193C85AE00371959 /* MemUsage.m */; };
		EDB93A7A193C8DFD00371959 /* CpuUsage.m in Sources */ = {isa = PBXBuildFile; fileRef = EDB93A79193C8DFD00371959 /* CpuUsage.m */; };
		EDCC5DB51941DE320086A658 /* IOS8BenchmarkViewController.m in Sources */ = {isa = PBXBuildFile; fileRef = EDCC5DB41941DE320086A658 /* IOS8BenchmarkViewController.m */; };
		EDCC5DBA1941E0C40086A658 /* SharedViewController.m in Sources */ = {isa = PBXBuildFile; fileRef = EDCC5DB91941E0C40086A658 /* SharedViewController.m */; };
/* End PBXBuildFile section */

/* Begin PBXContainerItemProxy section */
		ED0E98C4192772D200669AB6 /* PBXContainerItemProxy */ = {
			isa = PBXContainerItemProxy;
			containerPortal = ED0E989C192772D100669AB6 /* Project object */;
			proxyType = 1;
			remoteGlobalIDString = ED0E98A3192772D100669AB6;
			remoteInfo = NativeBridgeBenchmark;
		};
/* End PBXContainerItemProxy section */

/* Begin PBXFileReference section */
		ED038BDC193A3D8500FB88B2 /* UIWebView+TS_JavaScriptContext.h */ = {isa = PBXFileReference; fileEncoding = 4; lastKnownFileType = sourcecode.c.h; path = "UIWebView+TS_JavaScriptContext.h"; sourceTree = "<group>"; };
		ED038BDD193A3D8500FB88B2 /* UIWebView+TS_JavaScriptContext.m */ = {isa = PBXFileReference; fileEncoding = 4; lastKnownFileType = sourcecode.c.objc; path = "UIWebView+TS_JavaScriptContext.m"; sourceTree = "<group>"; };
		ED07A5B71932023600792C4C /* NSDictionary+Merge.h */ = {isa = PBXFileReference; fileEncoding = 4; lastKnownFileType = sourcecode.c.h; path = "NSDictionary+Merge.h"; sourceTree = "<group>"; };
		ED07A5B81932023600792C4C /* NSDictionary+Merge.m */ = {isa = PBXFileReference; fileEncoding = 4; lastKnownFileType = sourcecode.c.objc; path = "NSDictionary+Merge.m"; sourceTree = "<group>"; };
		ED0E98A4192772D200669AB6 /* NativeBridgeBenchmark.app */ = {isa = PBXFileReference; explicitFileType = wrapper.application; includeInIndex = 0; path = NativeBridgeBenchmark.app; sourceTree = BUILT_PRODUCTS_DIR; };
		ED0E98A7192772D200669AB6 /* Foundation.framework */ = {isa = PBXFileReference; lastKnownFileType = wrapper.framework; name = Foundation.framework; path = System/Library/Frameworks/Foundation.framework; sourceTree = SDKROOT; };
		ED0E98A9192772D200669AB6 /* CoreGraphics.framework */ = {isa = PBXFileReference; lastKnownFileType = wrapper.framework; name = CoreGraphics.framework; path = System/Library/Frameworks/CoreGraphics.framework; sourceTree = SDKROOT; };
		ED0E98AB192772D200669AB6 /* UIKit.framework */ = {isa = PBXFileReference; lastKnownFileType = wrapper.framework; name = UIKit.framework; path = System/Library/Frameworks/UIKit.framework; sourceTree = SDKROOT; };
		ED0E98AF192772D200669AB6 /* NativeBridgeBenchmark-Info.plist */ = {isa = PBXFileReference; lastKnownFileType = text.plist.xml; path = "NativeBridgeBenchmark-Info.plist"; sourceTree = "<group>"; };
		ED0E98B1192772D200669AB6 /* en */ = {isa = PBXFileReference; lastKnownFileType = text.plist.strings; name = en; path = en.lproj/InfoPlist.strings; sourceTree = "<group>"; };
		ED0E98B3192772D200669AB6 /* main.m */ = {isa = PBXFileReference; lastKnownFileType = sourcecode.c.objc; path = main.m; sourceTree = "<group>"; };
		ED0E98B5192772D200669AB6 /* NativeBridgeBenchmark-Prefix.pch */ = {isa = PBXFileReference; lastKnownFileType = sourcecode.c.h; path = "NativeBridgeBenchmark-Prefix.pch"; sourceTree = "<group>"; };
		ED0E98B6192772D200669AB6 /* AppDelegate.h */ = {isa = PBXFileReference; lastKnownFileType = sourcecode.c.h; path = AppDelegate.h; sourceTree = "<group>"; };
		ED0E98B7192772D200669AB6 /* AppDelegate.m */ = {isa = PBXFileReference; lastKnownFileType = sourcecode.c.objc; path = AppDelegate.m; sourceTree = "<group>"; };
		ED0E98B9192772D200669AB6 /* Images.xcassets */ = {isa = PBXFileReference; lastKnownFileType = folder.assetcatalog; path = Images.xcassets; sourceTree = "<group>"; };
		ED0E98BF192772D200669AB6 /* NativeBridgeBenchmarkTests.xctest */ = {isa = PBXFileReference; explicitFileType = wrapper.cfbundle; includeInIndex = 0; path = NativeBridgeBenchmarkTests.xctest; sourceTree = BUILT_PRODUCTS_DIR; };
		ED0E98C0192772D200669AB6 /* XCTest.framework */ = {isa = PBXFileReference; lastKnownFileType = wrapper.framework; name = XCTest.framework; path = Library/Frameworks/XCTest.framework; sourceTree = DEVELOPER_DIR; };
		ED0E98C8192772D200669AB6 /* NativeBridgeBenchmarkTests-Info.plist */ = {isa = PBXFileReference; lastKnownFileType = text.plist.xml; path = "NativeBridgeBenchmarkTests-Info.plist"; sourceTree = "<group>"; };
		ED0E98CA192772D200669AB6 /* en */ = {isa = PBXFileReference; lastKnownFileType = text.plist.strings; name = en; path = en.lproj/InfoPlist.strings; sourceTree = "<group>"; };
		ED0E98CC192772D200669AB6 /* NativeBridgeBenchmarkTests.m */ = {isa = PBXFileReference; lastKnownFileType = sourcecode.c.objc; path = NativeBridgeBenchmarkTests.m; sourceTree = "<group>"; };
		ED249E1F193A47CC0021B269 /* MyHTTPConnection.h */ = {isa = PBXFileReference; fileEncoding = 4; lastKnownFileType = sourcecode.c.h; path = MyHTTPConnection.h; sourceTree = "<group>"; };
		ED249E20193A47CC0021B269 /* MyHTTPConnection.m */ = {isa = PBXFileReference; fileEncoding = 4; lastKnownFileType = sourcecode.c.objc; path = MyHTTPConnection.m; sourceTree = "<group>"; };
		ED249E22193A48120021B269 /* MyWebsocket.h */ = {isa = PBXFileReference; fileEncoding = 4; lastKnownFileType = sourcecode.c.h; path = MyWebsocket.h; sourceTree = "<group>"; };
		ED249E23193A48120021B269 /* MyWebsocket.m */ = {isa = PBXFileReference; fileEncoding = 4; lastKnownFileType = sourcecode.c.objc; path = MyWebsocket.m; sourceTree = "<group>"; };
		ED249E2A193A4D2B0021B269 /* Web */ = {isa = PBXFileReference; lastKnownFileType = folder; path = Web; sourceTree = "<group>"; };
		ED9241AA192A6B0E004164FE /* BenchmarkViewController.h */ = {isa = PBXFileReference; fileEncoding = 4; lastKnownFileType = sourcecode.c.h; path = BenchmarkViewController.h; sourceTree = "<group>"; };
		ED9241AB192A6B0E004164FE /* BenchmarkViewController.m */ = {isa = PBXFileReference; fileEncoding = 4; lastKnownFileType = sourcecode.c.objc; path = BenchmarkViewController.m; sourceTree = "<group>"; };
		ED9241AD192A7458004164FE /* index.html */ = {isa = PBXFileReference; fileEncoding = 4; lastKnownFileType = text.html; path = index.html; sourceTree = "<group>"; };
		EDB93A75193C85AE00371959 /* MemUsage.h */ = {isa = PBXFileReference; fileEncoding = 4; lastKnownFileType = sourcecode.c.h; path = MemUsage.h; sourceTree = "<group>"; };
		EDB93A76193C85AE00371959 /* MemUsage.m */ = {isa = PBXFileReference; fileEncoding = 4; lastKnownFileType = sourcecode.c.objc; path = MemUsage.m; sourceTree = "<group>"; };
		EDB93A78193C8DFC00371959 /* CpuUsage.h */ = {isa = PBXFileReference; fileEncoding = 4; lastKnownFileType = sourcecode.c.h; path = CpuUsage.h; sourceTree = "<group>"; };
		EDB93A79193C8DFD00371959 /* CpuUsage.m */ = {isa = PBXFileReference; fileEncoding = 4; lastKnownFileType = sourcecode.c.objc; path = CpuUsage.m; sourceTree = "<group>"; };
		EDCC5DB31941DE320086A658 /* IOS8BenchmarkViewController.h */ = {isa = PBXFileReference; fileEncoding = 4; lastKnownFileType = sourcecode.c.h; path = IOS8BenchmarkViewController.h; sourceTree = "<group>"; };
		EDCC5DB41941DE320086A658 /* IOS8BenchmarkViewController.m */ = {isa = PBXFileReference; fileEncoding = 4; lastKnownFileType = sourcecode.c.objc; path = IOS8BenchmarkViewController.m; sourceTree = "<group>"; };
		EDCC5DB61941DF970086A658 /* WebKit.framework */ = {isa = PBXFileReference; lastKnownFileType = wrapper.framework; name = WebKit.framework; path = System/Library/Frameworks/WebKit.framework; sourceTree = SDKROOT; };
		EDCC5DB81941E0C40086A658 /* SharedViewController.h */ = {isa = PBXFileReference; fileEncoding = 4; lastKnownFileType = sourcecode.c.h; path = SharedViewController.h; sourceTree = "<group>"; };
		EDCC5DB91941E0C40086A658 /* SharedViewController.m */ = {isa = PBXFileReference; fileEncoding = 4; lastKnownFileType = sourcecode.c.objc; path = SharedViewController.m; sourceTree = "<group>"; };
		F58474E18C224D05804B5107 /* Pods-NativeBridgeBenchmark.xcconfig */ = {isa = PBXFileReference; includeInIndex = 1; lastKnownFileType = text.xcconfig; name = "Pods-NativeBridgeBenchmark.xcconfig"; path = "Pods/Pods-NativeBridgeBenchmark.xcconfig"; sourceTree = "<group>"; };
		FFEAD3DAC6964C739C50B50E /* libPods-NativeBridgeBenchmark.a */ = {isa = PBXFileReference; explicitFileType = archive.ar; includeInIndex = 0; path = "libPods-NativeBridgeBenchmark.a"; sourceTree = BUILT_PRODUCTS_DIR; };
/* End PBXFileReference section */

/* Begin PBXFrameworksBuildPhase section */
		ED0E98A1192772D100669AB6 /* Frameworks */ = {
			isa = PBXFrameworksBuildPhase;
			buildActionMask = 2147483647;
			files = (
				ED86854B1942084900B4479B /* WebKit.framework in Frameworks */,
				ED0E98AA192772D200669AB6 /* CoreGraphics.framework in Frameworks */,
				ED0E98AC192772D200669AB6 /* UIKit.framework in Frameworks */,
				ED0E98A8192772D200669AB6 /* Foundation.framework in Frameworks */,
				487DC5F5BBAA4192A8EB6DB7 /* libPods-NativeBridgeBenchmark.a in Frameworks */,
			);
			runOnlyForDeploymentPostprocessing = 0;
		};
		ED0E98BC192772D200669AB6 /* Frameworks */ = {
			isa = PBXFrameworksBuildPhase;
			buildActionMask = 2147483647;
			files = (
				ED0E98C1192772D200669AB6 /* XCTest.framework in Frameworks */,
				ED0E98C3192772D200669AB6 /* UIKit.framework in Frameworks */,
				ED0E98C2192772D200669AB6 /* Foundation.framework in Frameworks */,
			);
			runOnlyForDeploymentPostprocessing = 0;
		};
/* End PBXFrameworksBuildPhase section */

/* Begin PBXGroup section */
		ED0E989B192772D100669AB6 = {
			isa = PBXGroup;
			children = (
				ED249E2A193A4D2B0021B269 /* Web */,
				ED9241AD192A7458004164FE /* index.html */,
				ED0E98AD192772D200669AB6 /* NativeBridgeBenchmark */,
				ED0E98C6192772D200669AB6 /* NativeBridgeBenchmarkTests */,
				ED0E98A6192772D200669AB6 /* Frameworks */,
				ED0E98A5192772D200669AB6 /* Products */,
				F58474E18C224D05804B5107 /* Pods-NativeBridgeBenchmark.xcconfig */,
			);
			sourceTree = "<group>";
		};
		ED0E98A5192772D200669AB6 /* Products */ = {
			isa = PBXGroup;
			children = (
				ED0E98A4192772D200669AB6 /* NativeBridgeBenchmark.app */,
				ED0E98BF192772D200669AB6 /* NativeBridgeBenchmarkTests.xctest */,
			);
			name = Products;
			sourceTree = "<group>";
		};
		ED0E98A6192772D200669AB6 /* Frameworks */ = {
			isa = PBXGroup;
			children = (
				EDCC5DB61941DF970086A658 /* WebKit.framework */,
				ED0E98A7192772D200669AB6 /* Foundation.framework */,
				ED0E98A9192772D200669AB6 /* CoreGraphics.framework */,
				ED0E98AB192772D200669AB6 /* UIKit.framework */,
				ED0E98C0192772D200669AB6 /* XCTest.framework */,
				FFEAD3DAC6964C739C50B50E /* libPods-NativeBridgeBenchmark.a */,
			);
			name = Frameworks;
			sourceTree = "<group>";
		};
		ED0E98AD192772D200669AB6 /* NativeBridgeBenchmark */ = {
			isa = PBXGroup;
			children = (
				ED0E98B6192772D200669AB6 /* AppDelegate.h */,
				ED0E98B7192772D200669AB6 /* AppDelegate.m */,
				ED0E98B9192772D200669AB6 /* Images.xcassets */,
				ED0E98AE192772D200669AB6 /* Supporting Files */,
				ED9241AA192A6B0E004164FE /* BenchmarkViewController.h */,
				ED9241AB192A6B0E004164FE /* BenchmarkViewController.m */,
				ED07A5B71932023600792C4C /* NSDictionary+Merge.h */,
				ED07A5B81932023600792C4C /* NSDictionary+Merge.m */,
				ED038BDC193A3D8500FB88B2 /* UIWebView+TS_JavaScriptContext.h */,
				ED038BDD193A3D8500FB88B2 /* UIWebView+TS_JavaScriptContext.m */,
				ED249E1F193A47CC0021B269 /* MyHTTPConnection.h */,
				ED249E20193A47CC0021B269 /* MyHTTPConnection.m */,
				ED249E22193A48120021B269 /* MyWebsocket.h */,
				ED249E23193A48120021B269 /* MyWebsocket.m */,
				EDB93A75193C85AE00371959 /* MemUsage.h */,
				EDB93A76193C85AE00371959 /* MemUsage.m */,
				EDB93A78193C8DFC00371959 /* CpuUsage.h */,
				EDB93A79193C8DFD00371959 /* CpuUsage.m */,
				EDCC5DB31941DE320086A658 /* IOS8BenchmarkViewController.h */,
				EDCC5DB41941DE320086A658 /* IOS8BenchmarkViewController.m */,
				EDCC5DB81941E0C40086A658 /* SharedViewController.h */,
				EDCC5DB91941E0C40086A658 /* SharedViewController.m */,
			);
			path = NativeBridgeBenchmark;
			sourceTree = "<group>";
		};
		ED0E98AE192772D200669AB6 /* Supporting Files */ = {
			isa = PBXGroup;
			children = (
				ED0E98AF192772D200669AB6 /* NativeBridgeBenchmark-Info.plist */,
				ED0E98B0192772D200669AB6 /* InfoPlist.strings */,
				ED0E98B3192772D200669AB6 /* main.m */,
				ED0E98B5192772D200669AB6 /* NativeBridgeBenchmark-Prefix.pch */,
			);
			name = "Supporting Files";
			sourceTree = "<group>";
		};
		ED0E98C6192772D200669AB6 /* NativeBridgeBenchmarkTests */ = {
			isa = PBXGroup;
			children = (
				ED0E98CC192772D200669AB6 /* NativeBridgeBenchmarkTests.m */,
				ED0E98C7192772D200669AB6 /* Supporting Files */,
			);
			path = NativeBridgeBenchmarkTests;
			sourceTree = "<group>";
		};
		ED0E98C7192772D200669AB6 /* Supporting Files */ = {
			isa = PBXGroup;
			children = (
				ED0E98C8192772D200669AB6 /* NativeBridgeBenchmarkTests-Info.plist */,
				ED0E98C9192772D200669AB6 /* InfoPlist.strings */,
			);
			name = "Supporting Files";
			sourceTree = "<group>";
		};
/* End PBXGroup section */

/* Begin PBXNativeTarget section */
		ED0E98A3192772D100669AB6 /* NativeBridgeBenchmark */ = {
			isa = PBXNativeTarget;
			buildConfigurationList = ED0E98D0192772D200669AB6 /* Build configuration list for PBXNativeTarget "NativeBridgeBenchmark" */;
			buildPhases = (
				AEC37209A3B84108B7960003 /* Check Pods Manifest.lock */,
				ED0E98A0192772D100669AB6 /* Sources */,
				ED0E98A1192772D100669AB6 /* Frameworks */,
				ED0E98A2192772D100669AB6 /* Resources */,
				DB9597568836463EBCFF899E /* Copy Pods Resources */,
			);
			buildRules = (
			);
			dependencies = (
			);
			name = NativeBridgeBenchmark;
			productName = NativeBridgeBenchmark;
			productReference = ED0E98A4192772D200669AB6 /* NativeBridgeBenchmark.app */;
			productType = "com.apple.product-type.application";
		};
		ED0E98BE192772D200669AB6 /* NativeBridgeBenchmarkTests */ = {
			isa = PBXNativeTarget;
			buildConfigurationList = ED0E98D3192772D200669AB6 /* Build configuration list for PBXNativeTarget "NativeBridgeBenchmarkTests" */;
			buildPhases = (
				ED0E98BB192772D200669AB6 /* Sources */,
				ED0E98BC192772D200669AB6 /* Frameworks */,
				ED0E98BD192772D200669AB6 /* Resources */,
			);
			buildRules = (
			);
			dependencies = (
				ED0E98C5192772D200669AB6 /* PBXTargetDependency */,
			);
			name = NativeBridgeBenchmarkTests;
			productName = NativeBridgeBenchmarkTests;
			productReference = ED0E98BF192772D200669AB6 /* NativeBridgeBenchmarkTests.xctest */;
			productType = "com.apple.product-type.bundle.unit-test";
		};
/* End PBXNativeTarget section */

/* Begin PBXProject section */
		ED0E989C192772D100669AB6 /* Project object */ = {
			isa = PBXProject;
			attributes = {
				LastUpgradeCheck = 0510;
				TargetAttributes = {
					ED0E98BE192772D200669AB6 = {
						TestTargetID = ED0E98A3192772D100669AB6;
					};
				};
			};
			buildConfigurationList = ED0E989F192772D100669AB6 /* Build configuration list for PBXProject "NativeBridgeBenchmark" */;
			compatibilityVersion = "Xcode 3.2";
			developmentRegion = English;
			hasScannedForEncodings = 0;
			knownRegions = (
				en,
			);
			mainGroup = ED0E989B192772D100669AB6;
			productRefGroup = ED0E98A5192772D200669AB6 /* Products */;
			projectDirPath = "";
			projectRoot = "";
			targets = (
				ED0E98A3192772D100669AB6 /* NativeBridgeBenchmark */,
				ED0E98BE192772D200669AB6 /* NativeBridgeBenchmarkTests */,
			);
		};
/* End PBXProject section */

/* Begin PBXResourcesBuildPhase section */
		ED0E98A2192772D100669AB6 /* Resources */ = {
			isa = PBXResourcesBuildPhase;
			buildActionMask = 2147483647;
			files = (
				ED9241AE192A7458004164FE /* index.html in Resources */,
				ED249E2B193A4D2B0021B269 /* Web in Resources */,
				ED0E98B2192772D200669AB6 /* InfoPlist.strings in Resources */,
				ED0E98BA192772D200669AB6 /* Images.xcassets in Resources */,
			);
			runOnlyForDeploymentPostprocessing = 0;
		};
		ED0E98BD192772D200669AB6 /* Resources */ = {
			isa = PBXResourcesBuildPhase;
			buildActionMask = 2147483647;
			files = (
				ED0E98CB192772D200669AB6 /* InfoPlist.strings in Resources */,
			);
			runOnlyForDeploymentPostprocessing = 0;
		};
/* End PBXResourcesBuildPhase section */

/* Begin PBXShellScriptBuildPhase section */
		AEC37209A3B84108B7960003 /* Check Pods Manifest.lock */ = {
			isa = PBXShellScriptBuildPhase;
			buildActionMask = 2147483647;
			files = (
			);
			inputPaths = (
			);
			name = "Check Pods Manifest.lock";
			outputPaths = (
			);
			runOnlyForDeploymentPostprocessing = 0;
			shellPath = /bin/sh;
			shellScript = "diff \"${PODS_ROOT}/../Podfile.lock\" \"${PODS_ROOT}/Manifest.lock\" > /dev/null\nif [[ $? != 0 ]] ; then\n    cat << EOM\nerror: The sandbox is not in sync with the Podfile.lock. Run 'pod install' or update your CocoaPods installation.\nEOM\n    exit 1\nfi\n";
			showEnvVarsInLog = 0;
		};
		DB9597568836463EBCFF899E /* Copy Pods Resources */ = {
			isa = PBXShellScriptBuildPhase;
			buildActionMask = 2147483647;
			files = (
			);
			inputPaths = (
			);
			name = "Copy Pods Resources";
			outputPaths = (
			);
			runOnlyForDeploymentPostprocessing = 0;
			shellPath = /bin/sh;
			shellScript = "\"${SRCROOT}/Pods/Pods-NativeBridgeBenchmark-resources.sh\"\n";
			showEnvVarsInLog = 0;
		};
/* End PBXShellScriptBuildPhase section */

/* Begin PBXSourcesBuildPhase section */
		ED0E98A0192772D100669AB6 /* Sources */ = {
			isa = PBXSourcesBuildPhase;
			buildActionMask = 2147483647;
			files = (
				ED0E98B8192772D200669AB6 /* AppDelegate.m in Sources */,
				EDB93A77193C85AE00371959 /* MemUsage.m in Sources */,
				ED038BDE193A3D8500FB88B2 /* UIWebView+TS_JavaScriptContext.m in Sources */,
				ED07A5B91932023600792C4C /* NSDictionary+Merge.m in Sources */,
				EDCC5DBA1941E0C40086A658 /* SharedViewController.m in Sources */,
				ED249E24193A48120021B269 /* MyWebsocket.m in Sources */,
				EDCC5DB51941DE320086A658 /* IOS8BenchmarkViewController.m in Sources */,
				ED249E21193A47CC0021B269 /* MyHTTPConnection.m in Sources */,
				EDB93A7A193C8DFD00371959 /* CpuUsage.m in Sources */,
				ED0E98B4192772D200669AB6 /* main.m in Sources */,
				ED9241AC192A6B0E004164FE /* BenchmarkViewController.m in Sources */,
			);
			runOnlyForDeploymentPostprocessing = 0;
		};
		ED0E98BB192772D200669AB6 /* Sources */ = {
			isa = PBXSourcesBuildPhase;
			buildActionMask = 2147483647;
			files = (
				ED0E98CD192772D200669AB6 /* NativeBridgeBenchmarkTests.m in Sources */,
			);
			runOnlyForDeploymentPostprocessing = 0;
		};
/* End PBXSourcesBuildPhase section */

/* Begin PBXTargetDependency section */
		ED0E98C5192772D200669AB6 /* PBXTargetDependency */ = {
			isa = PBXTargetDependency;
			target = ED0E98A3192772D100669AB6 /* NativeBridgeBenchmark */;
			targetProxy = ED0E98C4192772D200669AB6 /* PBXContainerItemProxy */;
		};
/* End PBXTargetDependency section */

/* Begin PBXVariantGroup section */
		ED0E98B0192772D200669AB6 /* InfoPlist.strings */ = {
			isa = PBXVariantGroup;
			children = (
				ED0E98B1192772D200669AB6 /* en */,
			);
			name = InfoPlist.strings;
			sourceTree = "<group>";
		};
		ED0E98C9192772D200669AB6 /* InfoPlist.strings */ = {
			isa = PBXVariantGroup;
			children = (
				ED0E98CA192772D200669AB6 /* en */,
			);
			name = InfoPlist.strings;
			sourceTree = "<group>";
		};
/* End PBXVariantGroup section */

/* Begin XCBuildConfiguration section */
		ED0E98CE192772D200669AB6 /* Debug */ = {
			isa = XCBuildConfiguration;
			buildSettings = {
				ALWAYS_SEARCH_USER_PATHS = NO;
				CLANG_CXX_LANGUAGE_STANDARD = "gnu++0x";
				CLANG_CXX_LIBRARY = "libc++";
				CLANG_ENABLE_MODULES = YES;
				CLANG_ENABLE_OBJC_ARC = YES;
				CLANG_WARN_BOOL_CONVERSION = YES;
				CLANG_WARN_CONSTANT_CONVERSION = YES;
				CLANG_WARN_DIRECT_OBJC_ISA_USAGE = YES_ERROR;
				CLANG_WARN_EMPTY_BODY = YES;
				CLANG_WARN_ENUM_CONVERSION = YES;
				CLANG_WARN_INT_CONVERSION = YES;
				CLANG_WARN_OBJC_ROOT_CLASS = YES_ERROR;
				CLANG_WARN__DUPLICATE_METHOD_MATCH = YES;
				"CODE_SIGN_IDENTITY[sdk=iphoneos*]" = "iPhone Developer";
				COPY_PHASE_STRIP = NO;
				GCC_C_LANGUAGE_STANDARD = gnu99;
				GCC_DYNAMIC_NO_PIC = NO;
				GCC_OPTIMIZATION_LEVEL = 0;
				GCC_PREPROCESSOR_DEFINITIONS = (
					"DEBUG=1",
					"$(inherited)",
				);
				GCC_SYMBOLS_PRIVATE_EXTERN = NO;
				GCC_WARN_64_TO_32_BIT_CONVERSION = YES;
				GCC_WARN_ABOUT_RETURN_TYPE = YES_ERROR;
				GCC_WARN_UNDECLARED_SELECTOR = YES;
				GCC_WARN_UNINITIALIZED_AUTOS = YES_AGGRESSIVE;
				GCC_WARN_UNUSED_FUNCTION = YES;
				GCC_WARN_UNUSED_VARIABLE = YES;
				IPHONEOS_DEPLOYMENT_TARGET = 7.1;
				ONLY_ACTIVE_ARCH = YES;
				SDKROOT = iphoneos;
				TARGETED_DEVICE_FAMILY = "1,2";
			};
			name = Debug;
		};
		ED0E98CF192772D200669AB6 /* Release */ = {
			isa = XCBuildConfiguration;
			buildSettings = {
				ALWAYS_SEARCH_USER_PATHS = NO;
				CLANG_CXX_LANGUAGE_STANDARD = "gnu++0x";
				CLANG_CXX_LIBRARY = "libc++";
				CLANG_ENABLE_MODULES = YES;
				CLANG_ENABLE_OBJC_ARC = YES;
				CLANG_WARN_BOOL_CONVERSION = YES;
				CLANG_WARN_CONSTANT_CONVERSION = YES;
				CLANG_WARN_DIRECT_OBJC_ISA_USAGE = YES_ERROR;
				CLANG_WARN_EMPTY_BODY = YES;
				CLANG_WARN_ENUM_CONVERSION = YES;
				CLANG_WARN_INT_CONVERSION = YES;
				CLANG_WARN_OBJC_ROOT_CLASS = YES_ERROR;
				CLANG_WARN__DUPLICATE_METHOD_MATCH = YES;
				"CODE_SIGN_IDENTITY[sdk=iphoneos*]" = "iPhone Developer";
				COPY_PHASE_STRIP = YES;
				ENABLE_NS_ASSERTIONS = NO;
				GCC_C_LANGUAGE_STANDARD = gnu99;
				GCC_WARN_64_TO_32_BIT_CONVERSION = YES;
				GCC_WARN_ABOUT_RETURN_TYPE = YES_ERROR;
				GCC_WARN_UNDECLARED_SELECTOR = YES;
				GCC_WARN_UNINITIALIZED_AUTOS = YES_AGGRESSIVE;
				GCC_WARN_UNUSED_FUNCTION = YES;
				GCC_WARN_UNUSED_VARIABLE = YES;
				IPHONEOS_DEPLOYMENT_TARGET = 7.1;
				SDKROOT = iphoneos;
				TARGETED_DEVICE_FAMILY = "1,2";
				VALIDATE_PRODUCT = YES;
			};
			name = Release;
		};
		ED0E98D1192772D200669AB6 /* Debug */ = {
			isa = XCBuildConfiguration;
			baseConfigurationReference = F58474E18C224D05804B5107 /* Pods-NativeBridgeBenchmark.xcconfig */;
			buildSettings = {
				ASSETCATALOG_COMPILER_APPICON_NAME = AppIcon;
				ASSETCATALOG_COMPILER_LAUNCHIMAGE_NAME = LaunchImage;
				GCC_PRECOMPILE_PREFIX_HEADER = YES;
				GCC_PREFIX_HEADER = "NativeBridgeBenchmark/NativeBridgeBenchmark-Prefix.pch";
				INFOPLIST_FILE = "NativeBridgeBenchmark/NativeBridgeBenchmark-Info.plist";
				IPHONEOS_DEPLOYMENT_TARGET = 8.0;
				ONLY_ACTIVE_ARCH = YES;
				PRODUCT_NAME = "$(TARGET_NAME)";
				SDKROOT = iphoneos8.0;
				WRAPPER_EXTENSION = app;
			};
			name = Debug;
		};
		ED0E98D2192772D200669AB6 /* Release */ = {
			isa = XCBuildConfiguration;
			baseConfigurationReference = F58474E18C224D05804B5107 /* Pods-NativeBridgeBenchmark.xcconfig */;
			buildSettings = {
				ASSETCATALOG_COMPILER_APPICON_NAME = AppIcon;
				ASSETCATALOG_COMPILER_LAUNCHIMAGE_NAME = LaunchImage;
				GCC_PRECOMPILE_PREFIX_HEADER = YES;
				GCC_PREFIX_HEADER = "NativeBridgeBenchmark/NativeBridgeBenchmark-Prefix.pch";
				INFOPLIST_FILE = "NativeBridgeBenchmark/NativeBridgeBenchmark-Info.plist";
				IPHONEOS_DEPLOYMENT_TARGET = 8.0;
				ONLY_ACTIVE_ARCH = YES;
				PRODUCT_NAME = "$(TARGET_NAME)";
				SDKROOT = iphoneos8.0;
				WRAPPER_EXTENSION = app;
			};
			name = Release;
		};
		ED0E98D4192772D200669AB6 /* Debug */ = {
			isa = XCBuildConfiguration;
			buildSettings = {
				BUNDLE_LOADER = "$(BUILT_PRODUCTS_DIR)/NativeBridgeBenchmark.app/NativeBridgeBenchmark";
				FRAMEWORK_SEARCH_PATHS = (
					"$(SDKROOT)/Developer/Library/Frameworks",
					"$(inherited)",
					"$(DEVELOPER_FRAMEWORKS_DIR)",
				);
				GCC_PRECOMPILE_PREFIX_HEADER = YES;
				GCC_PREFIX_HEADER = "NativeBridgeBenchmark/NativeBridgeBenchmark-Prefix.pch";
				GCC_PREPROCESSOR_DEFINITIONS = (
					"DEBUG=1",
					"$(inherited)",
				);
				INFOPLIST_FILE = "NativeBridgeBenchmarkTests/NativeBridgeBenchmarkTests-Info.plist";
				PRODUCT_NAME = "$(TARGET_NAME)";
				TEST_HOST = "$(BUNDLE_LOADER)";
				WRAPPER_EXTENSION = xctest;
			};
			name = Debug;
		};
		ED0E98D5192772D200669AB6 /* Release */ = {
			isa = XCBuildConfiguration;
			buildSettings = {
				BUNDLE_LOADER = "$(BUILT_PRODUCTS_DIR)/NativeBridgeBenchmark.app/NativeBridgeBenchmark";
				FRAMEWORK_SEARCH_PATHS = (
					"$(SDKROOT)/Developer/Library/Frameworks",
					"$(inherited)",
					"$(DEVELOPER_FRAMEWORKS_DIR)",
				);
				GCC_PRECOMPILE_PREFIX_HEADER = YES;
				GCC_PREFIX_HEADER = "NativeBridgeBenchmark/NativeBridgeBenchmark-Prefix.pch";
				INFOPLIST_FILE = "NativeBridgeBenchmarkTests/NativeBridgeBenchmarkTests-Info.plist";
				PRODUCT_NAME = "$(TARGET_NAME)";
				TEST_HOST = "$(BUNDLE_LOADER)";
				WRAPPER_EXTENSION = xctest;
			};
			name = Release;
		};
/* End XCBuildConfiguration section */

/* Begin XCConfigurationList section */
		ED0E989F192772D100669AB6 /* Build configuration list for PBXProject "NativeBridgeBenchmark" */ = {
			isa = XCConfigurationList;
			buildConfigurations = (
				ED0E98CE192772D200669AB6 /* Debug */,
				ED0E98CF192772D200669AB6 /* Release */,
			);
			defaultConfigurationIsVisible = 0;
			defaultConfigurationName = Release;
		};
		ED0E98D0192772D200669AB6 /* Build configuration list for PBXNativeTarget "NativeBridgeBenchmark" */ = {
			isa = XCConfigurationList;
			buildConfigurations = (
				ED0E98D1192772D200669AB6 /* Debug */,
				ED0E98D2192772D200669AB6 /* Release */,
			);
			defaultConfigurationIsVisible = 0;
			defaultConfigurationName = Release;
		};
		ED0E98D3192772D200669AB6 /* Build configuration list for PBXNativeTarget "NativeBridgeBenchmarkTests" */ = {
			isa = XCConfigurationList;
			buildConfigurations = (
				ED0E98D4192772D200669AB6 /* Debug */,
				ED0E98D5192772D200669AB6 /* Release */,
			);
			defaultConfigurationIsVisible = 0;
			defaultConfigurationName = Release;
		};
/* End XCConfigurationList section */
	};
	rootObject = ED0E989C192772D100669AB6 /* Project object */;
}
