PODS:
  - CocoaAsyncSocket (7.3.5)
  - CocoaHTTPServer (2.3):
    - CocoaAsyncSocket
    - CocoaLumberjack
  - CocoaLumberjack (2.0.0-beta):
    - CocoaLumberjack/CLI
    - CocoaLumberjack/Core
    - CocoaLumberjack/Extensions
  - CocoaLumberjack/CLI (2.0.0-beta):
    - CocoaLumberjack/Core
  - CocoaLumberjack/Core (2.0.0-beta)
  - CocoaLumberjack/Extensions (2.0.0-beta):
    - CocoaLumberjack/Core
  - ConcurrentKit (0.1.0)
  - FMDB (2.3):
    - FMDB/standard
  - FMDB/common (2.3)
  - FMDB/standard (2.3):
    - FMDB/common
  - HTTPKit (0.1.2):
    - ConcurrentKit
  - RequestUtils (1.0.2)

DEPENDENCIES:
  - CocoaHTTPServer (from `https://raw.githubusercontent.com/matti/Specs/master/Specs/CocoaHTTPServer/2.3/CocoaHTTPServer.podspec.json`)
  - FMDB
  - HTTPKit
  - RequestUtils

EXTERNAL SOURCES:
  CocoaHTTPServer:
    :podspec: https://raw.githubusercontent.com/matti/Specs/master/Specs/CocoaHTTPServer/2.3/CocoaHTTPServer.podspec.json

SPEC CHECKSUMS:
  CocoaAsyncSocket: 45bdbbc1c0a5ed0640ff4c42af325ba43a2f099a
  CocoaHTTPServer: 6e82df824451eece7676f223c31b4b82ec901f67
  CocoaLumberjack: aadc76d7bd6c839ca84b38ed50cbf89d7cf8c693
  ConcurrentKit: 06f0a42b6a2617a777eb80655a31a3f0704356f8
  FMDB: 31ec26773c7f7b7890a6038235a1f2bbd933a7cb
  HTTPKit: 61e41215f424f11a2e30ca8077ece5879706eb67
  RequestUtils: 82b66f926bc11ef761fedc6dcc3613d6f74f4f3a

COCOAPODS: 0.33.1
