PODS:
  - CocoaAsyncSocket (7.3.5)
  - CocoaHTTPServer (2.3):
    - CocoaAsyncSocket
    - CocoaLumberjack
  - CocoaLumberjack (2.0.0-beta4):
    - CocoaLumberjack/Default
    - CocoaLumberjack/Extensions
  - CocoaLumberjack/Core (2.0.0-beta4)
  - CocoaLumberjack/Default (2.0.0-beta4):
    - CocoaLumberjack/Core
  - CocoaLumberjack/Extensions (2.0.0-beta4):
    - CocoaLumberjack/Default
  - ConcurrentKit (0.1.0)
  - FMDB (2.4):
    - FMDB/standard
  - FMDB/common (2.4)
  - FMDB/standard (2.4):
    - FMDB/common
  - HTTPKit (0.1.2):
    - ConcurrentKit
  - RequestUtils (1.0.2)

DEPENDENCIES:
  - CocoaHTTPServer (from `https://raw.githubusercontent.com/matti/Specs/master/Specs/CocoaHTTPServer/2.3/CocoaHTTPServer.podspec.json`)
  - FMDB
  - HTTPKit
  - RequestUtils

EXTERNAL SOURCES:
  CocoaHTTPServer:
    :podspec: https://raw.githubusercontent.com/matti/Specs/master/Specs/CocoaHTTPServer/2.3/CocoaHTTPServer.podspec.json

SPEC CHECKSUMS:
  CocoaAsyncSocket: 45bdbbc1c0a5ed0640ff4c42af325ba43a2f099a
  CocoaHTTPServer: 6e82df824451eece7676f223c31b4b82ec901f67
  CocoaLumberjack: 24153b24b17d853d7182b22b128971fb98e8cb18
  ConcurrentKit: 06f0a42b6a2617a777eb80655a31a3f0704356f8
  FMDB: 0b2fa25e5264ef177973c0cb8c02c711107979aa
  HTTPKit: 61e41215f424f11a2e30ca8077ece5879706eb67
  RequestUtils: 82b66f926bc11ef761fedc6dcc3613d6f74f4f3a

COCOAPODS: 0.33.1
