PODS:
  - CocoaAsyncSocket (7.3.5)
  - CocoaHTTPServer (2.3):
    - CocoaAsyncSocket
    - CocoaLumberjack
  - CocoaLumberjack (1.9.1):
    - CocoaLumberjack/Extensions
  - CocoaLumberjack/Core (1.9.1)
  - CocoaLumberjack/Extensions (1.9.1):
    - CocoaLumberjack/Core
  - ConcurrentKit (0.1.0)
  - FMDB (2.3):
    - FMDB/standard
  - FMDB/common (2.3)
  - FMDB/standard (2.3):
    - FMDB/common
  - HTTPKit (0.1.2):
    - ConcurrentKit
  - RequestUtils (1.0.2)

DEPENDENCIES:
  - CocoaHTTPServer
  - FMDB
  - HTTPKit
  - RequestUtils

SPEC CHECKSUMS:
  CocoaAsyncSocket: 45bdbbc1c0a5ed0640ff4c42af325ba43a2f099a
  CocoaHTTPServer: 217df4cba4e48803db2480f97b805aaad2230dd1
  CocoaLumberjack: 94accd5749f5c5d15134c8d50f34a973aed8ef69
  ConcurrentKit: 06f0a42b6a2617a777eb80655a31a3f0704356f8
  FMDB: 31ec26773c7f7b7890a6038235a1f2bbd933a7cb
  HTTPKit: 61e41215f424f11a2e30ca8077ece5879706eb67
  RequestUtils: 82b66f926bc11ef761fedc6dcc3613d6f74f4f3a

COCOAPODS: 0.33.1
